
Microsoft Visual Studio Solution File, Format Version 12.00
# Visual Studio Version 17
VisualStudioVersion = 17.14.36109.1 d17.14
MinimumVisualStudioVersion = 10.0.40219.1
Project("{FAE04EC0-301F-11D3-BF4B-00C04F79EFBC}") = "control", "control\control.csproj", "{C0B943D0-C1F1-4B97-9F97-F77A9EEDEFDF}"
EndProject
Global
	GlobalSection(SolutionConfigurationPlatforms) = preSolution
		Debug|Any CPU = Debug|Any CPU
		Release|Any CPU = Release|Any CPU
	EndGlobalSection
	GlobalSection(ProjectConfigurationPlatforms) = postSolution
		{C0B943D0-C1F1-4B97-9F97-F77A9EEDEFDF}.Debug|Any CPU.ActiveCfg = Debug|Any CPU
		{C0B943D0-C1F1-4B97-9F97-F77A9EEDEFDF}.Debug|Any CPU.Build.0 = Debug|Any CPU
		{C0B943D0-C1F1-4B97-9F97-F77A9EEDEFDF}.Release|Any CPU.ActiveCfg = Release|Any CPU
		{C0B943D0-C1F1-4B97-9F97-F77A9EEDEFDF}.Release|Any CPU.Build.0 = Release|Any CPU
	EndGlobalSection
	GlobalSection(SolutionProperties) = preSolution
		HideSolutionNode = FALSE
	EndGlobalSection
	GlobalSection(ExtensibilityGlobals) = postSolution
		SolutionGuid = {C560BEC3-D07E-483E-87A5-099A0D024B0D}
	EndGlobalSection
EndGlobal
